
Microsoft Visual Studio Solution File, Format Version 12.00
# Visual Studio Version 17
VisualStudioVersion = 17.11.35219.272
MinimumVisualStudioVersion = 10.0.40219.1
Project("{FAE04EC0-301F-11D3-BF4B-00C04F79EFBC}") = "FutureValue", "FutureValue\FutureValue.csproj", "{77FD86B4-DC89-46FD-A742-32A037AF8564}"
EndProject
Global
	GlobalSection(SolutionConfigurationPlatforms) = preSolution
		Debug|Any CPU = Debug|Any CPU
		Release|Any CPU = Release|Any CPU
	EndGlobalSection
	GlobalSection(ProjectConfigurationPlatforms) = postSolution
		{77FD86B4-DC89-46FD-A742-32A037AF8564}.Debug|Any CPU.ActiveCfg = Debug|Any CPU
		{77FD86B4-DC89-46FD-A742-32A037AF8564}.Debug|Any CPU.Build.0 = Debug|Any CPU
		{77FD86B4-DC89-46FD-A742-32A037AF8564}.Release|Any CPU.ActiveCfg = Release|Any CPU
		{77FD86B4-DC89-46FD-A742-32A037AF8564}.Release|Any CPU.Build.0 = Release|Any CPU
	EndGlobalSection
	GlobalSection(SolutionProperties) = preSolution
		HideSolutionNode = FALSE
	EndGlobalSection
	GlobalSection(ExtensibilityGlobals) = postSolution
		SolutionGuid = {CCCA3A5A-4AB2-45F5-A9F8-2CE6A429B53F}
	EndGlobalSection
EndGlobal
